# THIS IS AN AUTOGENERATED FILE. DO NOT EDIT THIS FILE DIRECTLY.
# yarn lockfile v1


node-bin-setup@^1.0.0:
  version "1.0.6"
  resolved "https://registry.yarnpkg.com/node-bin-setup/-/node-bin-setup-1.0.6.tgz#4b5c9bb937ece702d7069b36ca78af4684677528"
  integrity sha512-uPIxXNis1CRbv1DwqAxkgBk5NFV3s7cMN/Gf556jSw6jBvV7ca4F9lRL/8cALcZecRibeqU+5dFYqFFmzv5a0Q==

node@^15.3.0:
  version "15.3.0"
  resolved "https://registry.yarnpkg.com/node/-/node-15.3.0.tgz#1b85e5e514c64fa98070919fa4462e5129dc4779"
  integrity sha512-sLyjt+s8FhQfMTOdD4gWwTQcMJJb6yWqvHqon0rBQjOobWYvXcBqsUikV23iKEd0zB24x0uDe14l4E24UjfNcQ==
  dependencies:
    node-bin-setup "^1.0.0"

ws@^7.4.1:
  version "7.4.1"
  resolved "https://registry.yarnpkg.com/ws/-/ws-7.4.1.tgz#a333be02696bd0e54cea0434e21dcc8a9ac294bb"
  integrity sha512-pTsP8UAfhy3sk1lSk/O/s4tjD0CRwvMnzvwr4OKGX7ZvqZtUyx4KIJB5JWbkykPoc55tixMGgTNoh3k4FkNGFQ==
